<?xml version="1.0" encoding="utf-8"?>
<Project ToolsVersion="4.0" xmlns="http://schemas.microsoft.com/developer/msbuild/2003">
  <ItemGroup>
    <Filter Include="Archivos de origen">
      <UniqueIdentifier>{4FC737F1-C7A5-4376-A066-2A32D752A2FF}</UniqueIdentifier>
      <Extensions>cpp;c;cc;cxx;c++;cppm;ixx;def;odl;idl;hpj;bat;asm;asmx</Extensions>
    </Filter>
    <Filter Include="Archivos de encabezado">
      <UniqueIdentifier>{93995380-89BD-4b04-88EB-625FBE52EBFB}</UniqueIdentifier>
      <Extensions>h;hh;hpp;hxx;h++;hm;inl;inc;ipp;xsd</Extensions>
    </Filter>
    <Filter Include="Archivos de recursos">
      <UniqueIdentifier>{67DA6AB6-F800-4c08-8B7A-83BB121AAD01}</UniqueIdentifier>
      <Extensions>rc;ico;cur;bmp;dlg;rc2;rct;bin;rgs;gif;jpg;jpeg;jpe;resx;tiff;tif;png;wav;mfcribbon-ms</Extensions>
    </Filter>
    <Filter Include="Archivos de recursos\utils">
      <UniqueIdentifier>{a3b40491-cbb4-487e-9b05-2d6b0f21b66f}</UniqueIdentifier>
    </Filter>
    <Filter Include="Archivos de encabezado\utils">
      <UniqueIdentifier>{b12f4c89-e032-415f-a75b-4f3d119470e9}</UniqueIdentifier>
    </Filter>
    <Filter Include="Archivos de recursos\screens">
      <UniqueIdentifier>{8c343e5d-eea5-4227-af80-1898a7e0bd2f}</UniqueIdentifier>
    </Filter>
    <Filter Include="Archivos de encabezado\screens">
      <UniqueIdentifier>{8da201bb-fbad-4f6f-9161-eef56bce31a3}</UniqueIdentifier>
    </Filter>
    <Filter Include="Archivos de recursos\entities">
      <UniqueIdentifier>{05bf8e5f-f305-4c5e-affa-c5bee0fb8db2}</UniqueIdentifier>
    </Filter>
    <Filter Include="Archivos de encabezado\entities">
      <UniqueIdentifier>{412c482d-42e6-40a0-883b-5de0b4c6f42e}</UniqueIdentifier>
    </Filter>
    <Filter Include="Archivos de recursos\screens\draws">
      <UniqueIdentifier>{833228b6-9ea8-4f71-8dcb-1f4bb5b21cbd}</UniqueIdentifier>
    </Filter>
    <Filter Include="Archivos de encabezado\screens\draws">
      <UniqueIdentifier>{3580815d-513e-44eb-b53d-552665f04954}</UniqueIdentifier>
    </Filter>
  </ItemGroup>
  <ItemGroup>
    <ClCompile Include="src\utils\rectangles.cpp">
      <Filter>Archivos de recursos\utils</Filter>
    </ClCompile>
    <ClCompile Include="src\main.cpp">
      <Filter>Archivos de recursos</Filter>
    </ClCompile>
    <ClCompile Include="src\utils\colors.cpp">
      <Filter>Archivos de recursos\utils</Filter>
    </ClCompile>
    <ClCompile Include="src\game.cpp">
      <Filter>Archivos de recursos</Filter>
    </ClCompile>
    <ClCompile Include="src\utils\fonts.cpp">
      <Filter>Archivos de recursos\utils</Filter>
    </ClCompile>
    <ClCompile Include="src\constants.cpp">
      <Filter>Archivos de recursos</Filter>
    </ClCompile>
    <ClCompile Include="src\screens\menu.cpp">
      <Filter>Archivos de recursos\screens</Filter>
    </ClCompile>
    <ClCompile Include="src\utils\math.cpp">
      <Filter>Archivos de recursos\utils</Filter>
    </ClCompile>
    <ClCompile Include="src\utils\collisions.cpp">
      <Filter>Archivos de recursos\utils</Filter>
    </ClCompile>
    <ClCompile Include="src\screens\gameplay.cpp">
      <Filter>Archivos de recursos\screens</Filter>
    </ClCompile>
    <ClCompile Include="src\entities\paddle.cpp">
      <Filter>Archivos de recursos\entities</Filter>
    </ClCompile>
    <ClCompile Include="src\entities\ball.cpp">
      <Filter>Archivos de recursos\entities</Filter>
    </ClCompile>
    <ClCompile Include="src\utils\circles.cpp">
      <Filter>Archivos de recursos\utils</Filter>
    </ClCompile>
    <ClCompile Include="src\entities\block.cpp">
      <Filter>Archivos de recursos\entities</Filter>
    </ClCompile>
    <ClCompile Include="src\entities\player.cpp">
      <Filter>Archivos de recursos\entities</Filter>
    </ClCompile>
    <ClCompile Include="src\entities\powerup.cpp">
      <Filter>Archivos de recursos\entities</Filter>
    </ClCompile>
    <ClCompile Include="src\screens\draws\gameplayDraws.cpp">
      <Filter>Archivos de recursos\screens\draws</Filter>
    </ClCompile>
  </ItemGroup>
  <ItemGroup>
    <ClInclude Include="src\utils\colors.h">
      <Filter>Archivos de encabezado\utils</Filter>
    </ClInclude>
    <ClInclude Include="src\utils\rectangles.h">
      <Filter>Archivos de encabezado\utils</Filter>
    </ClInclude>
    <ClInclude Include="src\game.h">
      <Filter>Archivos de encabezado</Filter>
    </ClInclude>
    <ClInclude Include="src\utils\fonts.h">
      <Filter>Archivos de encabezado\utils</Filter>
    </ClInclude>
    <ClInclude Include="src\utils\vector.h">
      <Filter>Archivos de encabezado\utils</Filter>
    </ClInclude>
    <ClInclude Include="src\screens\screens.h">
      <Filter>Archivos de encabezado\screens</Filter>
    </ClInclude>
    <ClInclude Include="src\constants.h">
      <Filter>Archivos de encabezado</Filter>
    </ClInclude>
    <ClInclude Include="src\screens\menu.h">
      <Filter>Archivos de encabezado\screens</Filter>
    </ClInclude>
    <ClInclude Include="src\utils\math.h">
      <Filter>Archivos de encabezado\utils</Filter>
    </ClInclude>
    <ClInclude Include="src\utils\collisions.h">
      <Filter>Archivos de encabezado\utils</Filter>
    </ClInclude>
    <ClInclude Include="src\screens\gameplay.h">
      <Filter>Archivos de encabezado\screens</Filter>
    </ClInclude>
    <ClInclude Include="src\entities\paddle.h">
      <Filter>Archivos de encabezado\entities</Filter>
    </ClInclude>
    <ClInclude Include="src\entities\ball.h">
      <Filter>Archivos de encabezado\entities</Filter>
    </ClInclude>
    <ClInclude Include="src\utils\circles.h">
      <Filter>Archivos de encabezado\utils</Filter>
    </ClInclude>
    <ClInclude Include="src\entities\block.h">
      <Filter>Archivos de encabezado\entities</Filter>
    </ClInclude>
    <ClInclude Include="src\entities\player.h">
      <Filter>Archivos de encabezado\entities</Filter>
    </ClInclude>
    <ClInclude Include="src\entities\powerup.h">
      <Filter>Archivos de encabezado\entities</Filter>
    </ClInclude>
    <ClInclude Include="src\screens\draws\gameplayDraws.h">
      <Filter>Archivos de encabezado\screens\draws</Filter>
    </ClInclude>
  </ItemGroup>
</Project>